
Microsoft Visual Studio Solution File, Format Version 12.00
# Visual Studio 14
VisualStudioVersion = 14.0.24720.0
MinimumVisualStudioVersion = 10.0.40219.1
Project("{E24C65DC-7377-472B-9ABA-BC803B73C61A}") = "ng-table-custom.web", "ng-table-custom.web\", "{5797E974-BB5F-4F49-91F2-C8B46CF7DE61}"
	ProjectSection(WebsiteProperties) = preProject
		TargetFrameworkMoniker = ".NETFramework,Version%3Dv4.5.2"
		Debug.AspNetCompiler.VirtualPath = "/localhost_64937"
		Debug.AspNetCompiler.PhysicalPath = "ng-table-custom.web\"
		Debug.AspNetCompiler.TargetPath = "PrecompiledWeb\localhost_64937\"
		Debug.AspNetCompiler.Updateable = "true"
		Debug.AspNetCompiler.ForceOverwrite = "true"
		Debug.AspNetCompiler.FixedNames = "false"
		Debug.AspNetCompiler.Debug = "True"
		Release.AspNetCompiler.VirtualPath = "/localhost_64937"
		Release.AspNetCompiler.PhysicalPath = "ng-table-custom.web\"
		Release.AspNetCompiler.TargetPath = "PrecompiledWeb\localhost_64937\"
		Release.AspNetCompiler.Updateable = "true"
		Release.AspNetCompiler.ForceOverwrite = "true"
		Release.AspNetCompiler.FixedNames = "false"
		Release.AspNetCompiler.Debug = "False"
		VWDPort = "64937"
		SlnRelativePath = "ng-table-custom.web\"
		DefaultWebSiteLanguage = "Visual C#"
	EndProjectSection
EndProject
Project("{FAE04EC0-301F-11D3-BF4B-00C04F79EFBC}") = "ng-table-custom.web.api", "ng-table-custom.web.api\ng-table-custom.web.api.csproj", "{BF5A2435-B02B-4B59-8409-848C4DD4418B}"
EndProject
Project("{2150E333-8FDC-42A3-9474-1A3956D46DE8}") = "TestUtils", "TestUtils", "{732C69FF-7E81-439D-BD9A-C1C87EED779D}"
EndProject
Project("{2150E333-8FDC-42A3-9474-1A3956D46DE8}") = "Services", "Services", "{BCDADD88-44DD-4D54-B9EC-869248E19C48}"
EndProject
Project("{2150E333-8FDC-42A3-9474-1A3956D46DE8}") = "Data", "Data", "{F54691AC-7F0F-4B52-8314-042D7B38261E}"
EndProject
Project("{FAE04EC0-301F-11D3-BF4B-00C04F79EFBC}") = "ng_table_custom.data", "ng_table_custom.data\ng_table_custom.data.csproj", "{4F3B6409-44CE-4C9B-ACE6-115764CC94C2}"
EndProject
Project("{FAE04EC0-301F-11D3-BF4B-00C04F79EFBC}") = "ng_table_custom.service.user", "ng_table_custom.service.user\ng_table_custom.service.user.csproj", "{993A807B-EF96-43C2-A0BC-139360B90498}"
EndProject
Project("{FAE04EC0-301F-11D3-BF4B-00C04F79EFBC}") = "ng_table_custom.viewmodel", "ng_table_custom.viewmodel\ng_table_custom.viewmodel.csproj", "{46727D0E-AB43-4DF1-ACE1-7B663A183571}"
EndProject
Project("{FAE04EC0-301F-11D3-BF4B-00C04F79EFBC}") = "ng_table_custom.service.user.tests", "ng_table_custom.service.user.tests\ng_table_custom.service.user.tests.csproj", "{202E6742-FC45-4181-B958-E4BD0DFE5014}"
EndProject
Project("{FAE04EC0-301F-11D3-BF4B-00C04F79EFBC}") = "ng_table_custom.async.mock", "ng_table_custom.async.mock\ng_table_custom.async.mock.csproj", "{E747EAD8-4C6B-4B66-803C-0B37FA6506E9}"
EndProject
Project("{FAE04EC0-301F-11D3-BF4B-00C04F79EFBC}") = "ng-table-custom.web.api.tests", "ng-table-custom.web.api.tests\ng-table-custom.web.api.tests.csproj", "{F2FFE294-819A-41F2-90DE-816F1092E30D}"
EndProject
Global
	GlobalSection(SolutionConfigurationPlatforms) = preSolution
		Debug|Any CPU = Debug|Any CPU
		Release|Any CPU = Release|Any CPU
	EndGlobalSection
	GlobalSection(ProjectConfigurationPlatforms) = postSolution
		{5797E974-BB5F-4F49-91F2-C8B46CF7DE61}.Debug|Any CPU.ActiveCfg = Debug|Any CPU
		{5797E974-BB5F-4F49-91F2-C8B46CF7DE61}.Debug|Any CPU.Build.0 = Debug|Any CPU
		{5797E974-BB5F-4F49-91F2-C8B46CF7DE61}.Release|Any CPU.ActiveCfg = Debug|Any CPU
		{5797E974-BB5F-4F49-91F2-C8B46CF7DE61}.Release|Any CPU.Build.0 = Debug|Any CPU
		{BF5A2435-B02B-4B59-8409-848C4DD4418B}.Debug|Any CPU.ActiveCfg = Debug|Any CPU
		{BF5A2435-B02B-4B59-8409-848C4DD4418B}.Debug|Any CPU.Build.0 = Debug|Any CPU
		{BF5A2435-B02B-4B59-8409-848C4DD4418B}.Release|Any CPU.ActiveCfg = Release|Any CPU
		{BF5A2435-B02B-4B59-8409-848C4DD4418B}.Release|Any CPU.Build.0 = Release|Any CPU
		{4F3B6409-44CE-4C9B-ACE6-115764CC94C2}.Debug|Any CPU.ActiveCfg = Debug|Any CPU
		{4F3B6409-44CE-4C9B-ACE6-115764CC94C2}.Debug|Any CPU.Build.0 = Debug|Any CPU
		{4F3B6409-44CE-4C9B-ACE6-115764CC94C2}.Release|Any CPU.ActiveCfg = Release|Any CPU
		{4F3B6409-44CE-4C9B-ACE6-115764CC94C2}.Release|Any CPU.Build.0 = Release|Any CPU
		{993A807B-EF96-43C2-A0BC-139360B90498}.Debug|Any CPU.ActiveCfg = Debug|Any CPU
		{993A807B-EF96-43C2-A0BC-139360B90498}.Debug|Any CPU.Build.0 = Debug|Any CPU
		{993A807B-EF96-43C2-A0BC-139360B90498}.Release|Any CPU.ActiveCfg = Release|Any CPU
		{993A807B-EF96-43C2-A0BC-139360B90498}.Release|Any CPU.Build.0 = Release|Any CPU
		{46727D0E-AB43-4DF1-ACE1-7B663A183571}.Debug|Any CPU.ActiveCfg = Debug|Any CPU
		{46727D0E-AB43-4DF1-ACE1-7B663A183571}.Debug|Any CPU.Build.0 = Debug|Any CPU
		{46727D0E-AB43-4DF1-ACE1-7B663A183571}.Release|Any CPU.ActiveCfg = Release|Any CPU
		{46727D0E-AB43-4DF1-ACE1-7B663A183571}.Release|Any CPU.Build.0 = Release|Any CPU
		{202E6742-FC45-4181-B958-E4BD0DFE5014}.Debug|Any CPU.ActiveCfg = Debug|Any CPU
		{202E6742-FC45-4181-B958-E4BD0DFE5014}.Debug|Any CPU.Build.0 = Debug|Any CPU
		{202E6742-FC45-4181-B958-E4BD0DFE5014}.Release|Any CPU.ActiveCfg = Release|Any CPU
		{202E6742-FC45-4181-B958-E4BD0DFE5014}.Release|Any CPU.Build.0 = Release|Any CPU
		{E747EAD8-4C6B-4B66-803C-0B37FA6506E9}.Debug|Any CPU.ActiveCfg = Debug|Any CPU
		{E747EAD8-4C6B-4B66-803C-0B37FA6506E9}.Debug|Any CPU.Build.0 = Debug|Any CPU
		{E747EAD8-4C6B-4B66-803C-0B37FA6506E9}.Release|Any CPU.ActiveCfg = Release|Any CPU
		{E747EAD8-4C6B-4B66-803C-0B37FA6506E9}.Release|Any CPU.Build.0 = Release|Any CPU
		{F2FFE294-819A-41F2-90DE-816F1092E30D}.Debug|Any CPU.ActiveCfg = Debug|Any CPU
		{F2FFE294-819A-41F2-90DE-816F1092E30D}.Debug|Any CPU.Build.0 = Debug|Any CPU
		{F2FFE294-819A-41F2-90DE-816F1092E30D}.Release|Any CPU.ActiveCfg = Release|Any CPU
		{F2FFE294-819A-41F2-90DE-816F1092E30D}.Release|Any CPU.Build.0 = Release|Any CPU
	EndGlobalSection
	GlobalSection(SolutionProperties) = preSolution
		HideSolutionNode = FALSE
	EndGlobalSection
	GlobalSection(NestedProjects) = preSolution
		{4F3B6409-44CE-4C9B-ACE6-115764CC94C2} = {F54691AC-7F0F-4B52-8314-042D7B38261E}
		{993A807B-EF96-43C2-A0BC-139360B90498} = {BCDADD88-44DD-4D54-B9EC-869248E19C48}
		{46727D0E-AB43-4DF1-ACE1-7B663A183571} = {F54691AC-7F0F-4B52-8314-042D7B38261E}
		{202E6742-FC45-4181-B958-E4BD0DFE5014} = {BCDADD88-44DD-4D54-B9EC-869248E19C48}
		{E747EAD8-4C6B-4B66-803C-0B37FA6506E9} = {732C69FF-7E81-439D-BD9A-C1C87EED779D}
	EndGlobalSection
EndGlobal
